# This file is automatically @generated by Cargo.
# It is not intended for manual editing.
[[package]]
name = "ahash"
version = "0.3.8"
source = "registry+https://github.com/rust-lang/crates.io-index"
checksum = "e8fd72866655d1904d6b0997d0b07ba561047d070fbe29de039031c641b61217"
dependencies = [
 "const-random",
]

[[package]]
name = "anyhow"
version = "1.0.38"
source = "registry+https://github.com/rust-lang/crates.io-index"
checksum = "afddf7f520a80dbf76e6f50a35bca42a2331ef227a28b3b6dc5c2e2338d114b1"

[[package]]
name = "arrayref"
version = "0.3.6"
source = "registry+https://github.com/rust-lang/crates.io-index"
checksum = "a4c527152e37cf757a3f78aae5a06fbeefdb07ccc535c980a3208ee3060dd544"

[[package]]
name = "arrayvec"
version = "0.5.2"
source = "registry+https://github.com/rust-lang/crates.io-index"
checksum = "23b62fc65de8e4e7f52534fb52b0f3ed04746ae267519eef2a83941e8085068b"

[[package]]
name = "async-channel"
version = "1.6.1"
source = "registry+https://github.com/rust-lang/crates.io-index"
checksum = "2114d64672151c0c5eaa5e131ec84a74f06e1e559830dabba01ca30605d66319"
dependencies = [
 "concurrent-queue",
 "event-listener",
 "futures-core",
]

[[package]]
name = "async-dup"
version = "1.2.2"
source = "registry+https://github.com/rust-lang/crates.io-index"
checksum = "7427a12b8dc09291528cfb1da2447059adb4a257388c2acd6497a79d55cf6f7c"
dependencies = [
 "futures-io",
 "simple-mutex",
]

[[package]]
name = "async-executor"
version = "0.1.2"
source = "registry+https://github.com/rust-lang/crates.io-index"
checksum = "90f47c78ea98277cb1f5e6f60ba4fc762f5eafe9f6511bc2f7dfd8b75c225650"
dependencies = [
 "async-io",
 "futures-lite 0.1.11",
 "multitask",
 "parking 1.0.6",
 "scoped-tls",
 "waker-fn",
]

[[package]]
name = "async-executor"
version = "1.4.0"
source = "registry+https://github.com/rust-lang/crates.io-index"
checksum = "eb877970c7b440ead138f6321a3b5395d6061183af779340b65e20c0fede9146"
dependencies = [
 "async-task 4.0.3",
 "concurrent-queue",
 "fastrand",
 "futures-lite 1.11.3",
 "once_cell",
 "vec-arena 1.0.0",
]

[[package]]
name = "async-fs"
version = "1.5.0"
source = "registry+https://github.com/rust-lang/crates.io-index"
checksum = "8b3ca4f8ff117c37c278a2f7415ce9be55560b846b5bc4412aaa5d29c1c3dae2"
dependencies = [
 "async-lock",
 "blocking 1.0.2",
 "futures-lite 1.11.3",
]

[[package]]
name = "async-io"
version = "0.1.11"
source = "registry+https://github.com/rust-lang/crates.io-index"
checksum = "3ae22a338d28c75b53702b66f77979062cb29675db376d99e451af4fa79dedb3"
dependencies = [
 "cfg-if 0.1.10",
 "concurrent-queue",
 "futures-lite 0.1.11",
 "libc",
 "once_cell",
 "parking 2.0.0",
 "polling",
 "socket2",
 "vec-arena 0.5.2",
 "wepoll-sys-stjepang",
 "winapi",
]

[[package]]
name = "async-lock"
version = "2.3.0"
source = "registry+https://github.com/rust-lang/crates.io-index"
checksum = "1996609732bde4a9988bc42125f55f2af5f3c36370e27c778d5191a4a1b63bfb"
dependencies = [
 "event-listener",
]

[[package]]
name = "async-net"
version = "0.1.2"
source = "registry+https://github.com/rust-lang/crates.io-index"
checksum = "556790e2ea8d562a416bed6d04c4e92f949a1d5c4c724544c30d25f063b84b03"
dependencies = [
 "async-io",
 "blocking 0.5.2",
 "futures-lite 0.1.11",
]

[[package]]
name = "async-task"
version = "3.0.0"
source = "registry+https://github.com/rust-lang/crates.io-index"
checksum = "c17772156ef2829aadc587461c7753af20b7e8db1529bc66855add962a3b35d3"

[[package]]
name = "async-task"
version = "4.0.3"
source = "registry+https://github.com/rust-lang/crates.io-index"
checksum = "e91831deabf0d6d7ec49552e489aed63b7456a7a3c46cff62adad428110b0af0"

[[package]]
name = "atomic-waker"
version = "1.0.0"
source = "registry+https://github.com/rust-lang/crates.io-index"
checksum = "065374052e7df7ee4047b1160cca5e1467a12351a40b3da123c870ba0b8eda2a"

[[package]]
name = "autocfg"
version = "1.0.1"
source = "registry+https://github.com/rust-lang/crates.io-index"
checksum = "cdb031dd78e28731d87d56cc8ffef4a8f36ca26c38fe2de700543e627f8a464a"

[[package]]
name = "base64"
version = "0.13.0"
source = "registry+https://github.com/rust-lang/crates.io-index"
checksum = "904dfeac50f3cdaba28fc6f57fdcddb75f49ed61346676a78c4ffe55877802fd"

[[package]]
name = "bincode"
version = "1.3.2"
source = "registry+https://github.com/rust-lang/crates.io-index"
checksum = "d175dfa69e619905c4c3cdb7c3c203fa3bdd5d51184e3afdb2742c0280493772"
dependencies = [
 "byteorder",
 "serde",
]

[[package]]
name = "bitflags"
version = "1.2.1"
source = "registry+https://github.com/rust-lang/crates.io-index"
checksum = "cf1de2fe8c75bc145a2f577add951f8134889b4795d47466a54a5c846d691693"

[[package]]
name = "blake2b_simd"
version = "0.5.11"
source = "registry+https://github.com/rust-lang/crates.io-index"
checksum = "afa748e348ad3be8263be728124b24a24f268266f6f5d58af9d75f6a40b5c587"
dependencies = [
 "arrayref",
 "arrayvec",
 "constant_time_eq",
]

[[package]]
name = "blocking"
version = "0.5.2"
source = "registry+https://github.com/rust-lang/crates.io-index"
checksum = "ea5800d29218fea137b0880387e5948694a23c93fcdde157006966693a865c7c"
dependencies = [
 "async-channel",
 "atomic-waker",
 "futures-lite 0.1.11",
 "once_cell",
 "waker-fn",
]

[[package]]
name = "blocking"
version = "1.0.2"
source = "registry+https://github.com/rust-lang/crates.io-index"
checksum = "c5e170dbede1f740736619b776d7251cb1b9095c435c34d8ca9f57fcd2f335e9"
dependencies = [
 "async-channel",
 "async-task 4.0.3",
 "atomic-waker",
 "fastrand",
 "futures-lite 1.11.3",
 "once_cell",
]

[[package]]
name = "byteorder"
version = "1.3.4"
source = "registry+https://github.com/rust-lang/crates.io-index"
checksum = "08c48aae112d48ed9f069b33538ea9e3e90aa263cfa3d1c24309612b1f7472de"

[[package]]
name = "cache-padded"
version = "1.1.1"
source = "registry+https://github.com/rust-lang/crates.io-index"
checksum = "631ae5198c9be5e753e5cc215e1bd73c2b466a3565173db433f52bb9d3e66dba"

[[package]]
name = "camino"
version = "1.0.4"
source = "registry+https://github.com/rust-lang/crates.io-index"
checksum = "d4648c6d00a709aa069a236adcaae4f605a6241c72bf5bee79331a4b625921a9"

[[package]]
name = "cc"
version = "1.0.67"
source = "registry+https://github.com/rust-lang/crates.io-index"
checksum = "e3c69b077ad434294d3ce9f1f6143a2a4b89a8a2d54ef813d85003a4fd1137fd"

[[package]]
name = "cfg-if"
version = "0.1.10"
source = "registry+https://github.com/rust-lang/crates.io-index"
checksum = "4785bdd1c96b2a846b2bd7cc02e86b6b3dbf14e7e53446c4f54c92a361040822"

[[package]]
name = "cfg-if"
version = "1.0.0"
source = "registry+https://github.com/rust-lang/crates.io-index"
checksum = "baf1de4339761588bc0619e3cbc0120ee582ebb74b53b4efbf79117bd2da40fd"

[[package]]
name = "concurrent-queue"
version = "1.2.2"
source = "registry+https://github.com/rust-lang/crates.io-index"
checksum = "30ed07550be01594c6026cff2a1d7fe9c8f683caa798e12b68694ac9e88286a3"
dependencies = [
 "cache-padded",
]

[[package]]
name = "const-random"
version = "0.1.13"
source = "registry+https://github.com/rust-lang/crates.io-index"
checksum = "f590d95d011aa80b063ffe3253422ed5aa462af4e9867d43ce8337562bac77c4"
dependencies = [
 "const-random-macro",
 "proc-macro-hack",
]

[[package]]
name = "const-random-macro"
version = "0.1.13"
source = "registry+https://github.com/rust-lang/crates.io-index"
checksum = "615f6e27d000a2bffbc7f2f6a8669179378fa27ee4d0a509e985dfc0a7defb40"
dependencies = [
 "getrandom 0.2.2",
 "lazy_static",
 "proc-macro-hack",
 "tiny-keccak",
]

[[package]]
name = "constant_time_eq"
version = "0.1.5"
source = "registry+https://github.com/rust-lang/crates.io-index"
checksum = "245097e9a4535ee1e3e3931fcfcd55a796a44c643e8596ff6566d68f09b87bbc"

[[package]]
name = "crc32fast"
version = "1.2.1"
source = "registry+https://github.com/rust-lang/crates.io-index"
checksum = "81156fece84ab6a9f2afdb109ce3ae577e42b1228441eded99bd77f627953b1a"
dependencies = [
 "cfg-if 1.0.0",
]

[[package]]
name = "crossbeam-epoch"
version = "0.9.3"
source = "registry+https://github.com/rust-lang/crates.io-index"
checksum = "2584f639eb95fea8c798496315b297cf81b9b58b6d30ab066a75455333cf4b12"
dependencies = [
 "cfg-if 1.0.0",
 "crossbeam-utils",
 "lazy_static",
 "memoffset",
 "scopeguard",
]

[[package]]
name = "crossbeam-utils"
version = "0.8.3"
source = "registry+https://github.com/rust-lang/crates.io-index"
checksum = "e7e9d99fa91428effe99c5c6d4634cdeba32b8cf784fc428a2a687f61a952c49"
dependencies = [
 "autocfg",
 "cfg-if 1.0.0",
 "lazy_static",
]

[[package]]
name = "crunchy"
version = "0.2.2"
source = "registry+https://github.com/rust-lang/crates.io-index"
checksum = "7a81dae078cea95a014a339291cec439d2f232ebe854a9d672b796c6afafa9b7"

[[package]]
name = "custom_codes"
version = "2.0.4"
source = "registry+https://github.com/rust-lang/crates.io-index"
checksum = "51b375940f7c7b859485d5bc0fe721a39003e950750e939288f0998039aab78c"
dependencies = [
 "anyhow",
 "serde",
]

[[package]]
name = "dashmap"
version = "3.11.10"
source = "registry+https://github.com/rust-lang/crates.io-index"
checksum = "0f260e2fc850179ef410018660006951c1b55b79e8087e87111a2c388994b9b5"
dependencies = [
 "ahash",
 "cfg-if 0.1.10",
 "num_cpus",
 "serde",
]

[[package]]
name = "dashmap"
version = "4.0.2"
source = "registry+https://github.com/rust-lang/crates.io-index"
checksum = "e77a43b28d0668df09411cb0bc9a8c2adc40f9a048afe863e05fd43251e8e39c"
dependencies = [
 "cfg-if 1.0.0",
 "num_cpus",
 "serde",
]

[[package]]
name = "directories"
version = "3.0.1"
source = "registry+https://github.com/rust-lang/crates.io-index"
checksum = "f8fed639d60b58d0f53498ab13d26f621fd77569cc6edb031f4cc36a2ad9da0f"
dependencies = [
 "dirs-sys",
]

[[package]]
name = "dirs-sys"
version = "0.3.5"
source = "registry+https://github.com/rust-lang/crates.io-index"
checksum = "8e93d7f5705de3e49895a2b5e0b8855a1c27f080192ae9c32a6432d50741a57a"
dependencies = [
 "libc",
 "redox_users",
 "winapi",
]

[[package]]
name = "easy-parallel"
version = "3.1.0"
source = "registry+https://github.com/rust-lang/crates.io-index"
checksum = "1dd4afd79212583ff429b913ad6605242ed7eec277e950b1438f300748f948f4"

[[package]]
name = "event-listener"
version = "2.5.1"
source = "registry+https://github.com/rust-lang/crates.io-index"
checksum = "f7531096570974c3a9dcf9e4b8e1cede1ec26cf5046219fb3b9d897503b9be59"

[[package]]
name = "fastrand"
version = "1.4.0"
source = "registry+https://github.com/rust-lang/crates.io-index"
checksum = "ca5faf057445ce5c9d4329e382b2ce7ca38550ef3b73a5348362d5f24e0c7fe3"
dependencies = [
 "instant",
]

[[package]]
name = "fs2"
version = "0.4.3"
source = "registry+https://github.com/rust-lang/crates.io-index"
checksum = "9564fc758e15025b46aa6643b1b77d047d1a56a1aea6e01002ac0c7026876213"
dependencies = [
 "libc",
 "winapi",
]

[[package]]
name = "futures"
version = "0.3.13"
source = "registry+https://github.com/rust-lang/crates.io-index"
checksum = "7f55667319111d593ba876406af7c409c0ebb44dc4be6132a783ccf163ea14c1"
dependencies = [
 "futures-channel",
 "futures-core",
 "futures-executor",
 "futures-io",
 "futures-sink",
 "futures-task",
 "futures-util",
]

[[package]]
name = "futures-channel"
version = "0.3.13"
source = "registry+https://github.com/rust-lang/crates.io-index"
checksum = "8c2dd2df839b57db9ab69c2c9d8f3e8c81984781937fe2807dc6dcf3b2ad2939"
dependencies = [
 "futures-core",
 "futures-sink",
]

[[package]]
name = "futures-core"
version = "0.3.13"
source = "registry+https://github.com/rust-lang/crates.io-index"
checksum = "15496a72fabf0e62bdc3df11a59a3787429221dd0710ba8ef163d6f7a9112c94"

[[package]]
name = "futures-executor"
version = "0.3.13"
source = "registry+https://github.com/rust-lang/crates.io-index"
checksum = "891a4b7b96d84d5940084b2a37632dd65deeae662c114ceaa2c879629c9c0ad1"
dependencies = [
 "futures-core",
 "futures-task",
 "futures-util",
]

[[package]]
name = "futures-io"
version = "0.3.13"
source = "registry+https://github.com/rust-lang/crates.io-index"
checksum = "d71c2c65c57704c32f5241c1223167c2c3294fd34ac020c807ddbe6db287ba59"

[[package]]
name = "futures-lite"
version = "0.1.11"
source = "registry+https://github.com/rust-lang/crates.io-index"
checksum = "97999970129b808f0ccba93211201d431fcc12d7e1ffae03a61b5cedd1a7ced2"
dependencies = [
 "fastrand",
 "futures-core",
 "futures-io",
 "memchr",
 "parking 2.0.0",
 "pin-project-lite 0.1.12",
 "waker-fn",
]

[[package]]
name = "futures-lite"
version = "1.11.3"
source = "registry+https://github.com/rust-lang/crates.io-index"
checksum = "b4481d0cd0de1d204a4fa55e7d45f07b1d958abcb06714b3446438e2eff695fb"
dependencies = [
 "fastrand",
 "futures-core",
 "futures-io",
 "memchr",
 "parking 2.0.0",
 "pin-project-lite 0.2.6",
 "waker-fn",
]

[[package]]
name = "futures-macro"
version = "0.3.13"
source = "registry+https://github.com/rust-lang/crates.io-index"
checksum = "ea405816a5139fb39af82c2beb921d52143f556038378d6db21183a5c37fbfb7"
dependencies = [
 "proc-macro-hack",
 "proc-macro2",
 "quote",
 "syn",
]

[[package]]
name = "futures-sink"
version = "0.3.13"
source = "registry+https://github.com/rust-lang/crates.io-index"
checksum = "85754d98985841b7d4f5e8e6fbfa4a4ac847916893ec511a2917ccd8525b8bb3"

[[package]]
name = "futures-task"
version = "0.3.13"
source = "registry+https://github.com/rust-lang/crates.io-index"
checksum = "fa189ef211c15ee602667a6fcfe1c1fd9e07d42250d2156382820fba33c9df80"

[[package]]
name = "futures-util"
version = "0.3.13"
source = "registry+https://github.com/rust-lang/crates.io-index"
checksum = "1812c7ab8aedf8d6f2701a43e1243acdbcc2b36ab26e2ad421eb99ac963d96d1"
dependencies = [
 "futures-channel",
 "futures-core",
 "futures-io",
 "futures-macro",
 "futures-sink",
 "futures-task",
 "memchr",
 "pin-project-lite 0.2.6",
 "pin-utils",
 "proc-macro-hack",
 "proc-macro-nested",
 "slab",
]

[[package]]
name = "fxhash"
version = "0.2.1"
source = "registry+https://github.com/rust-lang/crates.io-index"
checksum = "c31b6d751ae2c7f11320402d34e41349dd1016f8d5d45e48c4312bc8625af50c"
dependencies = [
 "byteorder",
]

[[package]]
name = "getrandom"
version = "0.1.16"
source = "registry+https://github.com/rust-lang/crates.io-index"
checksum = "8fc3cb4d91f53b50155bdcfd23f6a4c39ae1969c2ae85982b135750cccaf5fce"
dependencies = [
 "cfg-if 1.0.0",
 "libc",
 "wasi 0.9.0+wasi-snapshot-preview1",
]

[[package]]
name = "getrandom"
version = "0.2.2"
source = "registry+https://github.com/rust-lang/crates.io-index"
checksum = "c9495705279e7140bf035dde1f6e750c162df8b625267cd52cc44e0b156732c8"
dependencies = [
 "cfg-if 1.0.0",
 "libc",
 "wasi 0.10.2+wasi-snapshot-preview1",
]

[[package]]
name = "hermit-abi"
version = "0.1.18"
source = "registry+https://github.com/rust-lang/crates.io-index"
checksum = "322f4de77956e22ed0e5032c359a0f1273f1f7f0d79bfa3b8ffbc730d7fbcc5c"
dependencies = [
 "libc",
]

[[package]]
name = "instant"
version = "0.1.9"
source = "registry+https://github.com/rust-lang/crates.io-index"
checksum = "61124eeebbd69b8190558df225adf7e4caafce0d743919e5d6b19652314ec5ec"
dependencies = [
 "cfg-if 1.0.0",
]

[[package]]
name = "lazy_static"
version = "1.4.0"
source = "registry+https://github.com/rust-lang/crates.io-index"
checksum = "e2abad23fbc42b3700f2f279844dc832adb2b2eb069b2df918f455c4e18cc646"

[[package]]
name = "libc"
version = "0.2.90"
source = "registry+https://github.com/rust-lang/crates.io-index"
checksum = "ba4aede83fc3617411dc6993bc8c70919750c1c257c6ca6a502aed6e0e2394ae"

[[package]]
name = "lock_api"
version = "0.4.2"
source = "registry+https://github.com/rust-lang/crates.io-index"
checksum = "dd96ffd135b2fd7b973ac026d28085defbe8983df057ced3eb4f2130b0831312"
dependencies = [
 "scopeguard",
]

[[package]]
name = "log"
version = "0.4.14"
source = "registry+https://github.com/rust-lang/crates.io-index"
checksum = "51b9bbe6c47d51fc3e1a9b945965946b4c44142ab8792c50835a980d362c2710"
dependencies = [
 "cfg-if 1.0.0",
]

[[package]]
name = "memchr"
version = "2.3.4"
source = "registry+https://github.com/rust-lang/crates.io-index"
checksum = "0ee1c47aaa256ecabcaea351eae4a9b01ef39ed810004e298d2511ed284b1525"

[[package]]
name = "memoffset"
version = "0.6.1"
source = "registry+https://github.com/rust-lang/crates.io-index"
checksum = "157b4208e3059a8f9e78d559edc658e13df41410cb3ae03979c83130067fdd87"
dependencies = [
 "autocfg",
]

[[package]]
name = "multitask"
version = "0.2.0"
source = "registry+https://github.com/rust-lang/crates.io-index"
checksum = "c09c35271e7dcdb5f709779111f2c8e8ab8e06c1b587c1c6a9e179d865aaa5b4"
dependencies = [
 "async-task 3.0.0",
 "concurrent-queue",
 "fastrand",
]

[[package]]
name = "num_cpus"
version = "1.13.0"
source = "registry+https://github.com/rust-lang/crates.io-index"
checksum = "05499f3756671c15885fee9034446956fff3f243d6077b91e5767df161f766b3"
dependencies = [
 "hermit-abi",
 "libc",
]

[[package]]
name = "once_cell"
version = "1.7.2"
source = "registry+https://github.com/rust-lang/crates.io-index"
checksum = "af8b08b04175473088b46763e51ee54da5f9a164bc162f615b91bc179dbf15a3"

[[package]]
name = "parking"
version = "1.0.6"
source = "registry+https://github.com/rust-lang/crates.io-index"
checksum = "6cb300f271742d4a2a66c01b6b2fa0c83dfebd2e0bf11addb879a3547b4ed87c"

[[package]]
name = "parking"
version = "2.0.0"
source = "registry+https://github.com/rust-lang/crates.io-index"
checksum = "427c3892f9e783d91cc128285287e70a59e206ca452770ece88a76f7a3eddd72"

[[package]]
name = "parking_lot"
version = "0.11.1"
source = "registry+https://github.com/rust-lang/crates.io-index"
checksum = "6d7744ac029df22dca6284efe4e898991d28e3085c706c972bcd7da4a27a15eb"
dependencies = [
 "instant",
 "lock_api",
 "parking_lot_core",
]

[[package]]
name = "parking_lot_core"
version = "0.8.3"
source = "registry+https://github.com/rust-lang/crates.io-index"
checksum = "fa7a782938e745763fe6907fc6ba86946d72f49fe7e21de074e08128a99fb018"
dependencies = [
 "cfg-if 1.0.0",
 "instant",
 "libc",
 "redox_syscall 0.2.5",
 "smallvec",
 "winapi",
]

[[package]]
name = "pin-project-lite"
version = "0.1.12"
source = "registry+https://github.com/rust-lang/crates.io-index"
checksum = "257b64915a082f7811703966789728173279bdebb956b143dbcd23f6f970a777"

[[package]]
name = "pin-project-lite"
version = "0.2.6"
source = "registry+https://github.com/rust-lang/crates.io-index"
checksum = "dc0e1f259c92177c30a4c9d177246edd0a3568b25756a977d0632cf8fa37e905"

[[package]]
name = "pin-utils"
version = "0.1.0"
source = "registry+https://github.com/rust-lang/crates.io-index"
checksum = "8b870d8c151b6f2fb93e84a13146138f05d02ed11c7e7c54f8826aaaf7c9f184"

[[package]]
name = "polling"
version = "0.1.9"
source = "registry+https://github.com/rust-lang/crates.io-index"
checksum = "8fffa183f6bd5f1a8a3e1f60ce2f8d5621e350eed84a62d6daaa5b9d1aaf6fbd"
dependencies = [
 "cfg-if 0.1.10",
 "libc",
 "log",
 "wepoll-sys-stjepang",
 "winapi",
]

[[package]]
name = "proc-macro-hack"
version = "0.5.19"
source = "registry+https://github.com/rust-lang/crates.io-index"
checksum = "dbf0c48bc1d91375ae5c3cd81e3722dff1abcf81a30960240640d223f59fe0e5"

[[package]]
name = "proc-macro-nested"
version = "0.1.7"
source = "registry+https://github.com/rust-lang/crates.io-index"
checksum = "bc881b2c22681370c6a780e47af9840ef841837bc98118431d4e1868bd0c1086"

[[package]]
name = "proc-macro2"
version = "1.0.24"
source = "registry+https://github.com/rust-lang/crates.io-index"
checksum = "1e0704ee1a7e00d7bb417d0770ea303c1bccbabf0ef1667dae92b5967f5f8a71"
dependencies = [
 "unicode-xid",
]

[[package]]
name = "quote"
version = "1.0.9"
source = "registry+https://github.com/rust-lang/crates.io-index"
checksum = "c3d0b9745dc2debf507c8422de05d7226cc1f0644216dfdfead988f9b1ab32a7"
dependencies = [
 "proc-macro2",
]

[[package]]
name = "redox_syscall"
version = "0.1.57"
source = "registry+https://github.com/rust-lang/crates.io-index"
checksum = "41cc0f7e4d5d4544e8861606a285bb08d3e70712ccc7d2b84d7c0ccfaf4b05ce"

[[package]]
name = "redox_syscall"
version = "0.2.5"
source = "registry+https://github.com/rust-lang/crates.io-index"
checksum = "94341e4e44e24f6b591b59e47a8a027df12e008d73fd5672dbea9cc22f4507d9"
dependencies = [
 "bitflags",
]

[[package]]
name = "redox_users"
version = "0.3.5"
source = "registry+https://github.com/rust-lang/crates.io-index"
checksum = "de0737333e7a9502c789a36d7c7fa6092a49895d4faa31ca5df163857ded2e9d"
dependencies = [
 "getrandom 0.1.16",
 "redox_syscall 0.1.57",
 "rust-argon2",
]

[[package]]
name = "rust-argon2"
version = "0.8.3"
source = "registry+https://github.com/rust-lang/crates.io-index"
checksum = "4b18820d944b33caa75a71378964ac46f58517c92b6ae5f762636247c09e78fb"
dependencies = [
 "base64",
 "blake2b_simd",
 "constant_time_eq",
 "crossbeam-utils",
]

[[package]]
name = "scoped-tls"
version = "1.0.0"
source = "registry+https://github.com/rust-lang/crates.io-index"
checksum = "ea6a9290e3c9cf0f18145ef7ffa62d68ee0bf5fcd651017e586dc7fd5da448c2"

[[package]]
name = "scopeguard"
version = "1.1.0"
source = "registry+https://github.com/rust-lang/crates.io-index"
checksum = "d29ab0c6d3fc0ee92fe66e2d99f700eab17a8d57d1c1d3b748380fb20baa78cd"

[[package]]
name = "seahash"
version = "4.1.0"
source = "registry+https://github.com/rust-lang/crates.io-index"
checksum = "1c107b6f4780854c8b126e228ea8869f4d7b71260f962fefb57b996b8959ba6b"

[[package]]
name = "serde"
version = "1.0.124"
source = "registry+https://github.com/rust-lang/crates.io-index"
checksum = "bd761ff957cb2a45fbb9ab3da6512de9de55872866160b23c25f1a841e99d29f"
dependencies = [
 "serde_derive",
]

[[package]]
name = "serde_derive"
version = "1.0.124"
source = "registry+https://github.com/rust-lang/crates.io-index"
checksum = "1800f7693e94e186f5e25a28291ae1570da908aff7d97a095dec1e56ff99069b"
dependencies = [
 "proc-macro2",
 "quote",
 "syn",
]

[[package]]
name = "simple-mutex"
version = "1.1.5"
source = "registry+https://github.com/rust-lang/crates.io-index"
checksum = "38aabbeafa6f6dead8cebf246fe9fae1f9215c8d29b3a69f93bd62a9e4a3dcd6"
dependencies = [
 "event-listener",
]

[[package]]
name = "simple-signal"
version = "1.1.1"
source = "registry+https://github.com/rust-lang/crates.io-index"
checksum = "53f7da44adcc42667d57483bd93f81295f27d66897804b757573b61b6f13288b"
dependencies = [
 "lazy_static",
 "libc",
]

[[package]]
name = "slab"
version = "0.4.2"
source = "registry+https://github.com/rust-lang/crates.io-index"
checksum = "c111b5bd5695e56cffe5129854aa230b39c93a305372fdbb2668ca2394eea9f8"

[[package]]
name = "sled"
version = "0.34.6"
source = "registry+https://github.com/rust-lang/crates.io-index"
checksum = "1d0132f3e393bcb7390c60bb45769498cf4550bcb7a21d7f95c02b69f6362cdc"
dependencies = [
 "crc32fast",
 "crossbeam-epoch",
 "crossbeam-utils",
 "fs2",
 "fxhash",
 "libc",
 "log",
 "parking_lot",
]

[[package]]
name = "smallvec"
version = "1.6.1"
source = "registry+https://github.com/rust-lang/crates.io-index"
checksum = "fe0f37c9e8f3c5a4a66ad655a93c74daac4ad00c441533bf5c6e7990bb42604e"

[[package]]
name = "smol"
version = "0.3.3"
source = "registry+https://github.com/rust-lang/crates.io-index"
checksum = "67583f4ccc13bbb105a0752058d8ad66c47753d85445952809bcaca891954f83"
dependencies = [
 "async-channel",
 "async-executor 0.1.2",
 "async-io",
 "blocking 0.5.2",
 "cfg-if 0.1.10",
 "easy-parallel",
 "futures-lite 0.1.11",
 "num_cpus",
]

[[package]]
name = "socket2"
version = "0.3.19"
source = "registry+https://github.com/rust-lang/crates.io-index"
checksum = "122e570113d28d773067fab24266b66753f6ea915758651696b6e35e49f88d6e"
dependencies = [
 "cfg-if 1.0.0",
 "libc",
 "winapi",
]

[[package]]
name = "syn"
version = "1.0.64"
source = "registry+https://github.com/rust-lang/crates.io-index"
checksum = "3fd9d1e9976102a03c542daa2eff1b43f9d72306342f3f8b3ed5fb8908195d6f"
dependencies = [
 "proc-macro2",
 "quote",
 "unicode-xid",
]

[[package]]
name = "tai64"
version = "3.1.0"
source = "registry+https://github.com/rust-lang/crates.io-index"
checksum = "4014289c3d2b8168880ae86633247e73712fcc579969aff0ca7c5dcd17456b82"
dependencies = [
 "serde",
]

[[package]]
name = "tiny-keccak"
version = "2.0.2"
source = "registry+https://github.com/rust-lang/crates.io-index"
checksum = "2c9d3793400a45f954c52e73d068316d76b6f4e36977e3fcebb13a2721e80237"
dependencies = [
 "crunchy",
]

[[package]]
name = "turingdb"
version = "2.0.0"
dependencies = [
 "anyhow",
 "async-executor 1.4.0",
 "async-fs",
 "async-lock",
 "bincode",
 "blocking 1.0.2",
 "camino",
 "dashmap 4.0.2",
 "directories",
 "futures-lite 1.11.3",
 "seahash",
 "serde",
 "sled",
 "tai64",
]

[[package]]
name = "turingdb"
version = "2.0.0"
source = "registry+https://github.com/rust-lang/crates.io-index"
checksum = "41ae47932a54574ed9c2b4ab7b0175054296ee2d64989e438e1edd62ff4edc6f"
dependencies = [
 "anyhow",
 "async-fs",
 "async-lock",
 "bincode",
 "blocking 1.0.2",
 "custom_codes",
 "dashmap 3.11.10",
 "futures-lite 1.11.3",
 "serde",
 "sled",
 "tai64",
]

[[package]]
name = "turingdb-helpers"
version = "2.0.0-beta.4"
dependencies = [
 "anyhow",
 "bincode",
 "custom_codes",
 "serde",
 "tai64",
]

[[package]]
name = "turingdb-helpers"
version = "2.0.0-beta.4"
source = "registry+https://github.com/rust-lang/crates.io-index"
checksum = "0212f5a30d67e3e1e7a2361c4600a95f77e964c712d495718375edd8b0ab01ed"
dependencies = [
 "anyhow",
 "bincode",
 "custom_codes",
 "serde",
 "tai64",
]

[[package]]
name = "turingdb-server"
version = "2.0.0-beta.4"
dependencies = [
 "anyhow",
 "async-dup",
 "async-net",
 "bincode",
 "custom_codes",
 "futures",
 "futures-lite 0.1.11",
 "serde",
 "simple-signal",
 "smol",
 "tai64",
 "turingdb 2.0.0 (registry+https://github.com/rust-lang/crates.io-index)",
 "turingdb-helpers 2.0.0-beta.4 (registry+https://github.com/rust-lang/crates.io-index)",
 "yansi",
]

[[package]]
name = "unicode-xid"
version = "0.2.1"
source = "registry+https://github.com/rust-lang/crates.io-index"
checksum = "f7fe0bb3479651439c9112f72b6c505038574c9fbb575ed1bf3b797fa39dd564"

[[package]]
name = "vec-arena"
version = "0.5.2"
source = "registry+https://github.com/rust-lang/crates.io-index"
checksum = "8cb18268690309760d59ee1a9b21132c126ba384f374c59a94db4bc03adeb561"

[[package]]
name = "vec-arena"
version = "1.0.0"
source = "registry+https://github.com/rust-lang/crates.io-index"
checksum = "eafc1b9b2dfc6f5529177b62cf806484db55b32dc7c9658a118e11bbeb33061d"

[[package]]
name = "waker-fn"
version = "1.1.0"
source = "registry+https://github.com/rust-lang/crates.io-index"
checksum = "9d5b2c62b4012a3e1eca5a7e077d13b3bf498c4073e33ccd58626607748ceeca"

[[package]]
name = "wasi"
version = "0.9.0+wasi-snapshot-preview1"
source = "registry+https://github.com/rust-lang/crates.io-index"
checksum = "cccddf32554fecc6acb585f82a32a72e28b48f8c4c1883ddfeeeaa96f7d8e519"

[[package]]
name = "wasi"
version = "0.10.2+wasi-snapshot-preview1"
source = "registry+https://github.com/rust-lang/crates.io-index"
checksum = "fd6fbd9a79829dd1ad0cc20627bf1ed606756a7f77edff7b66b7064f9cb327c6"

[[package]]
name = "wepoll-sys-stjepang"
version = "1.0.8"
source = "registry+https://github.com/rust-lang/crates.io-index"
checksum = "1fdfbb03f290ca0b27922e8d48a0997b4ceea12df33269b9f75e713311eb178d"
dependencies = [
 "cc",
]

[[package]]
name = "winapi"
version = "0.3.9"
source = "registry+https://github.com/rust-lang/crates.io-index"
checksum = "5c839a674fcd7a98952e593242ea400abe93992746761e38641405d28b00f419"
dependencies = [
 "winapi-i686-pc-windows-gnu",
 "winapi-x86_64-pc-windows-gnu",
]

[[package]]
name = "winapi-i686-pc-windows-gnu"
version = "0.4.0"
source = "registry+https://github.com/rust-lang/crates.io-index"
checksum = "ac3b87c63620426dd9b991e5ce0329eff545bccbbb34f3be09ff6fb6ab51b7b6"

[[package]]
name = "winapi-x86_64-pc-windows-gnu"
version = "0.4.0"
source = "registry+https://github.com/rust-lang/crates.io-index"
checksum = "712e227841d057c1ee1cd2fb22fa7e5a5461ae8e48fa2ca79ec42cfc1931183f"

[[package]]
name = "yansi"
version = "0.5.0"
source = "registry+https://github.com/rust-lang/crates.io-index"
checksum = "9fc79f4a1e39857fc00c3f662cbf2651c771f00e9c15fe2abc341806bd46bd71"
