# This file is automatically @generated by Cargo.
# It is not intended for manual editing.
[[package]]
name = "addr2line"
version = "0.12.2"
source = "registry+https://github.com/rust-lang/crates.io-index"
checksum = "602d785912f476e480434627e8732e6766b760c045bbf897d9dfaa9f4fbd399c"
dependencies = [
 "gimli",
]

[[package]]
name = "adler32"
version = "1.1.0"
source = "registry+https://github.com/rust-lang/crates.io-index"
checksum = "567b077b825e468cc974f0020d4082ee6e03132512f207ef1a02fd5d00d1f32d"

[[package]]
name = "ahash"
version = "0.3.8"
source = "registry+https://github.com/rust-lang/crates.io-index"
checksum = "e8fd72866655d1904d6b0997d0b07ba561047d070fbe29de039031c641b61217"
dependencies = [
 "const-random",
]

[[package]]
name = "anyhow"
version = "1.0.31"
source = "registry+https://github.com/rust-lang/crates.io-index"
checksum = "85bb70cc08ec97ca5450e6eba421deeea5f172c0fc61f78b5357b2a8e8be195f"

[[package]]
name = "async-attributes"
version = "1.1.1"
source = "registry+https://github.com/rust-lang/crates.io-index"
checksum = "efd3d156917d94862e779f356c5acae312b08fd3121e792c857d7928c8088423"
dependencies = [
 "quote",
 "syn",
]

[[package]]
name = "async-dup"
version = "1.1.0"
source = "registry+https://github.com/rust-lang/crates.io-index"
checksum = "c897277cf0cd71c8bbd2ae769aae5e2bd4600f01cff4bd4077ac5e847a15b5a1"
dependencies = [
 "futures-io",
 "simple-mutex",
]

[[package]]
name = "async-lock"
version = "1.1.2"
source = "registry+https://github.com/rust-lang/crates.io-index"
checksum = "f375939949ac63cfe11de0f407b727605d3100386f09c640ba44ad149f70211e"
dependencies = [
 "event-listener 1.2.0",
]

[[package]]
name = "async-std"
version = "1.6.2"
source = "registry+https://github.com/rust-lang/crates.io-index"
checksum = "00d68a33ebc8b57800847d00787307f84a562224a14db069b0acefe4c2abbf5d"
dependencies = [
 "async-attributes",
 "async-task",
 "crossbeam-utils",
 "futures-channel",
 "futures-core",
 "futures-io",
 "kv-log-macro",
 "log",
 "memchr",
 "num_cpus",
 "once_cell",
 "pin-project-lite",
 "pin-utils",
 "slab",
 "smol",
 "wasm-bindgen-futures",
]

[[package]]
name = "async-task"
version = "3.0.0"
source = "registry+https://github.com/rust-lang/crates.io-index"
checksum = "c17772156ef2829aadc587461c7753af20b7e8db1529bc66855add962a3b35d3"

[[package]]
name = "async-trait"
version = "0.1.36"
source = "registry+https://github.com/rust-lang/crates.io-index"
checksum = "a265e3abeffdce30b2e26b7a11b222fe37c6067404001b434101457d0385eb92"
dependencies = [
 "proc-macro2",
 "quote",
 "syn",
]

[[package]]
name = "autocfg"
version = "1.0.0"
source = "registry+https://github.com/rust-lang/crates.io-index"
checksum = "f8aac770f1885fd7e387acedd76065302551364496e46b3dd00860b2f8359b9d"

[[package]]
name = "backtrace"
version = "0.3.49"
source = "registry+https://github.com/rust-lang/crates.io-index"
checksum = "05100821de9e028f12ae3d189176b41ee198341eb8f369956407fea2f5cc666c"
dependencies = [
 "addr2line",
 "cfg-if",
 "libc",
 "miniz_oxide",
 "object",
 "rustc-demangle",
]

[[package]]
name = "bincode"
version = "1.2.1"
source = "registry+https://github.com/rust-lang/crates.io-index"
checksum = "5753e2a71534719bf3f4e57006c3a4f0d2c672a4b676eec84161f763eca87dbf"
dependencies = [
 "byteorder",
 "serde",
]

[[package]]
name = "bitflags"
version = "1.2.1"
source = "registry+https://github.com/rust-lang/crates.io-index"
checksum = "cf1de2fe8c75bc145a2f577add951f8134889b4795d47466a54a5c846d691693"

[[package]]
name = "blocking"
version = "0.4.6"
source = "registry+https://github.com/rust-lang/crates.io-index"
checksum = "9d17efb70ce4421e351d61aafd90c16a20fb5bfe339fcdc32a86816280e62ce0"
dependencies = [
 "futures-channel",
 "futures-util",
 "once_cell",
 "parking",
 "waker-fn",
]

[[package]]
name = "bumpalo"
version = "3.4.0"
source = "registry+https://github.com/rust-lang/crates.io-index"
checksum = "2e8c087f005730276d1096a652e92a8bacee2e2472bcc9715a74d2bec38b5820"

[[package]]
name = "byteorder"
version = "1.3.4"
source = "registry+https://github.com/rust-lang/crates.io-index"
checksum = "08c48aae112d48ed9f069b33538ea9e3e90aa263cfa3d1c24309612b1f7472de"

[[package]]
name = "cache-padded"
version = "1.1.0"
source = "registry+https://github.com/rust-lang/crates.io-index"
checksum = "24508e28c677875c380c20f4d28124fab6f8ed4ef929a1397d7b1a31e92f1005"

[[package]]
name = "cc"
version = "1.0.54"
source = "registry+https://github.com/rust-lang/crates.io-index"
checksum = "7bbb73db36c1246e9034e307d0fba23f9a2e251faa47ade70c1bd252220c8311"

[[package]]
name = "cfg-if"
version = "0.1.10"
source = "registry+https://github.com/rust-lang/crates.io-index"
checksum = "4785bdd1c96b2a846b2bd7cc02e86b6b3dbf14e7e53446c4f54c92a361040822"

[[package]]
name = "cloudabi"
version = "0.0.3"
source = "registry+https://github.com/rust-lang/crates.io-index"
checksum = "ddfc5b9aa5d4507acaf872de71051dfd0e309860e88966e1051e462a077aac4f"
dependencies = [
 "bitflags",
]

[[package]]
name = "concurrent-queue"
version = "1.1.1"
source = "registry+https://github.com/rust-lang/crates.io-index"
checksum = "f83c06aff61f2d899eb87c379df3cbf7876f14471dcab474e0b6dc90ab96c080"
dependencies = [
 "cache-padded",
]

[[package]]
name = "const-random"
version = "0.1.8"
source = "registry+https://github.com/rust-lang/crates.io-index"
checksum = "2f1af9ac737b2dd2d577701e59fd09ba34822f6f2ebdb30a7647405d9e55e16a"
dependencies = [
 "const-random-macro",
 "proc-macro-hack",
]

[[package]]
name = "const-random-macro"
version = "0.1.8"
source = "registry+https://github.com/rust-lang/crates.io-index"
checksum = "25e4c606eb459dd29f7c57b2e0879f2b6f14ee130918c2b78ccb58a9624e6c7a"
dependencies = [
 "getrandom",
 "proc-macro-hack",
]

[[package]]
name = "crc32fast"
version = "1.2.0"
source = "registry+https://github.com/rust-lang/crates.io-index"
checksum = "ba125de2af0df55319f41944744ad91c71113bf74a4646efff39afe1f6842db1"
dependencies = [
 "cfg-if",
]

[[package]]
name = "crossbeam-epoch"
version = "0.8.2"
source = "registry+https://github.com/rust-lang/crates.io-index"
checksum = "058ed274caafc1f60c4997b5fc07bf7dc7cca454af7c6e81edffe5f33f70dace"
dependencies = [
 "autocfg",
 "cfg-if",
 "crossbeam-utils",
 "lazy_static",
 "maybe-uninit",
 "memoffset",
 "scopeguard",
]

[[package]]
name = "crossbeam-utils"
version = "0.7.2"
source = "registry+https://github.com/rust-lang/crates.io-index"
checksum = "c3c7c73a2d1e9fc0886a08b93e98eb643461230d5f1925e4036204d5f2e261a8"
dependencies = [
 "autocfg",
 "cfg-if",
 "lazy_static",
]

[[package]]
name = "custom_codes"
version = "1.2.10"
source = "registry+https://github.com/rust-lang/crates.io-index"
checksum = "55bffa0796a2c5ea9ac4d80f16cf3655051b67644db08d1eaff8b68e4d07c370"
dependencies = [
 "serde",
]

[[package]]
name = "custom_codes"
version = "2.0.3"
source = "registry+https://github.com/rust-lang/crates.io-index"
checksum = "67e6be79e5d28f1af982327145d9a827e0e5674e848b29733668e30a750843fd"
dependencies = [
 "anyhow",
 "serde",
]

[[package]]
name = "dashmap"
version = "3.11.4"
source = "registry+https://github.com/rust-lang/crates.io-index"
checksum = "8cfcd41ae02d60edded204341d2798ba519c336c51a37330aa4b98a1128def32"
dependencies = [
 "ahash",
 "cfg-if",
 "num_cpus",
 "serde",
]

[[package]]
name = "event-listener"
version = "1.2.0"
source = "registry+https://github.com/rust-lang/crates.io-index"
checksum = "043d21a617dda31c36aed31a38f4ebb643a6fa55c2963fd9f0cc1c831e5095d7"

[[package]]
name = "event-listener"
version = "2.0.0"
source = "registry+https://github.com/rust-lang/crates.io-index"
checksum = "ae3e266baec5d96df9ce33c5a20dba54ca460a16f577c41391203f9415ffd3ec"

[[package]]
name = "fastrand"
version = "1.2.4"
source = "registry+https://github.com/rust-lang/crates.io-index"
checksum = "a64b0126b293b050395b37b10489951590ed024c03d7df4f249d219c8ded7cbf"

[[package]]
name = "fs2"
version = "0.4.3"
source = "registry+https://github.com/rust-lang/crates.io-index"
checksum = "9564fc758e15025b46aa6643b1b77d047d1a56a1aea6e01002ac0c7026876213"
dependencies = [
 "libc",
 "winapi",
]

[[package]]
name = "futures"
version = "0.3.5"
source = "registry+https://github.com/rust-lang/crates.io-index"
checksum = "1e05b85ec287aac0dc34db7d4a569323df697f9c55b99b15d6b4ef8cde49f613"
dependencies = [
 "futures-channel",
 "futures-core",
 "futures-executor",
 "futures-io",
 "futures-sink",
 "futures-task",
 "futures-util",
]

[[package]]
name = "futures-channel"
version = "0.3.5"
source = "registry+https://github.com/rust-lang/crates.io-index"
checksum = "f366ad74c28cca6ba456d95e6422883cfb4b252a83bed929c83abfdbbf2967d5"
dependencies = [
 "futures-core",
 "futures-sink",
]

[[package]]
name = "futures-core"
version = "0.3.5"
source = "registry+https://github.com/rust-lang/crates.io-index"
checksum = "59f5fff90fd5d971f936ad674802482ba441b6f09ba5e15fd8b39145582ca399"

[[package]]
name = "futures-executor"
version = "0.3.5"
source = "registry+https://github.com/rust-lang/crates.io-index"
checksum = "10d6bb888be1153d3abeb9006b11b02cf5e9b209fda28693c31ae1e4e012e314"
dependencies = [
 "futures-core",
 "futures-task",
 "futures-util",
]

[[package]]
name = "futures-io"
version = "0.3.5"
source = "registry+https://github.com/rust-lang/crates.io-index"
checksum = "de27142b013a8e869c14957e6d2edeef89e97c289e69d042ee3a49acd8b51789"

[[package]]
name = "futures-lite"
version = "0.1.1"
source = "registry+https://github.com/rust-lang/crates.io-index"
checksum = "6bb826946934fc2017c9357012136da06c99177a5e445343b34a77d9d9db7e0b"
dependencies = [
 "futures-core",
 "futures-io",
]

[[package]]
name = "futures-macro"
version = "0.3.5"
source = "registry+https://github.com/rust-lang/crates.io-index"
checksum = "d0b5a30a4328ab5473878237c447333c093297bded83a4983d10f4deea240d39"
dependencies = [
 "proc-macro-hack",
 "proc-macro2",
 "quote",
 "syn",
]

[[package]]
name = "futures-sink"
version = "0.3.5"
source = "registry+https://github.com/rust-lang/crates.io-index"
checksum = "3f2032893cb734c7a05d85ce0cc8b8c4075278e93b24b66f9de99d6eb0fa8acc"

[[package]]
name = "futures-task"
version = "0.3.5"
source = "registry+https://github.com/rust-lang/crates.io-index"
checksum = "bdb66b5f09e22019b1ab0830f7785bcea8e7a42148683f99214f73f8ec21a626"
dependencies = [
 "once_cell",
]

[[package]]
name = "futures-util"
version = "0.3.5"
source = "registry+https://github.com/rust-lang/crates.io-index"
checksum = "8764574ff08b701a084482c3c7031349104b07ac897393010494beaa18ce32c6"
dependencies = [
 "futures-channel",
 "futures-core",
 "futures-io",
 "futures-macro",
 "futures-sink",
 "futures-task",
 "memchr",
 "pin-project",
 "pin-utils",
 "proc-macro-hack",
 "proc-macro-nested",
 "slab",
]

[[package]]
name = "fxhash"
version = "0.2.1"
source = "registry+https://github.com/rust-lang/crates.io-index"
checksum = "c31b6d751ae2c7f11320402d34e41349dd1016f8d5d45e48c4312bc8625af50c"
dependencies = [
 "byteorder",
]

[[package]]
name = "getrandom"
version = "0.1.14"
source = "registry+https://github.com/rust-lang/crates.io-index"
checksum = "7abc8dd8451921606d809ba32e95b6111925cd2906060d2dcc29c070220503eb"
dependencies = [
 "cfg-if",
 "libc",
 "wasi",
]

[[package]]
name = "gimli"
version = "0.21.0"
source = "registry+https://github.com/rust-lang/crates.io-index"
checksum = "bcc8e0c9bce37868955864dbecd2b1ab2bdf967e6f28066d65aaac620444b65c"

[[package]]
name = "hermit-abi"
version = "0.1.14"
source = "registry+https://github.com/rust-lang/crates.io-index"
checksum = "b9586eedd4ce6b3c498bc3b4dd92fc9f11166aa908a914071953768066c67909"
dependencies = [
 "libc",
]

[[package]]
name = "js-sys"
version = "0.3.40"
source = "registry+https://github.com/rust-lang/crates.io-index"
checksum = "ce10c23ad2ea25ceca0093bd3192229da4c5b3c0f2de499c1ecac0d98d452177"
dependencies = [
 "wasm-bindgen",
]

[[package]]
name = "kv-log-macro"
version = "1.0.6"
source = "registry+https://github.com/rust-lang/crates.io-index"
checksum = "4ff57d6d215f7ca7eb35a9a64d656ba4d9d2bef114d741dc08048e75e2f5d418"
dependencies = [
 "log",
]

[[package]]
name = "lazy_static"
version = "1.4.0"
source = "registry+https://github.com/rust-lang/crates.io-index"
checksum = "e2abad23fbc42b3700f2f279844dc832adb2b2eb069b2df918f455c4e18cc646"

[[package]]
name = "libc"
version = "0.2.71"
source = "registry+https://github.com/rust-lang/crates.io-index"
checksum = "9457b06509d27052635f90d6466700c65095fdf75409b3fbdd903e988b886f49"

[[package]]
name = "lock_api"
version = "0.3.4"
source = "registry+https://github.com/rust-lang/crates.io-index"
checksum = "c4da24a77a3d8a6d4862d95f72e6fdb9c09a643ecdb402d754004a557f2bec75"
dependencies = [
 "scopeguard",
]

[[package]]
name = "log"
version = "0.4.8"
source = "registry+https://github.com/rust-lang/crates.io-index"
checksum = "14b6052be84e6b71ab17edffc2eeabf5c2c3ae1fdb464aae35ac50c67a44e1f7"
dependencies = [
 "cfg-if",
]

[[package]]
name = "maybe-uninit"
version = "2.0.0"
source = "registry+https://github.com/rust-lang/crates.io-index"
checksum = "60302e4db3a61da70c0cb7991976248362f30319e88850c487b9b95bbf059e00"

[[package]]
name = "memchr"
version = "2.3.3"
source = "registry+https://github.com/rust-lang/crates.io-index"
checksum = "3728d817d99e5ac407411fa471ff9800a778d88a24685968b36824eaf4bee400"

[[package]]
name = "memoffset"
version = "0.5.4"
source = "registry+https://github.com/rust-lang/crates.io-index"
checksum = "b4fc2c02a7e374099d4ee95a193111f72d2110197fe200272371758f6c3643d8"
dependencies = [
 "autocfg",
]

[[package]]
name = "miniz_oxide"
version = "0.3.7"
source = "registry+https://github.com/rust-lang/crates.io-index"
checksum = "791daaae1ed6889560f8c4359194f56648355540573244a5448a83ba1ecc7435"
dependencies = [
 "adler32",
]

[[package]]
name = "nanoserde"
version = "0.1.7"
source = "registry+https://github.com/rust-lang/crates.io-index"
checksum = "813e0df2906dd5c51b8fc382a52dd8971912030d7749d5a738da8fe442e361ab"
dependencies = [
 "nanoserde-derive",
]

[[package]]
name = "nanoserde-derive"
version = "0.1.4"
source = "registry+https://github.com/rust-lang/crates.io-index"
checksum = "9c1115b6d6c9cb0776a2403669c9215f9d25dfc3f99ea17208542f6ea42c079d"

[[package]]
name = "num_cpus"
version = "1.13.0"
source = "registry+https://github.com/rust-lang/crates.io-index"
checksum = "05499f3756671c15885fee9034446956fff3f243d6077b91e5767df161f766b3"
dependencies = [
 "hermit-abi",
 "libc",
]

[[package]]
name = "object"
version = "0.20.0"
source = "registry+https://github.com/rust-lang/crates.io-index"
checksum = "1ab52be62400ca80aa00285d25253d7f7c437b7375c4de678f5405d3afe82ca5"

[[package]]
name = "once_cell"
version = "1.4.0"
source = "registry+https://github.com/rust-lang/crates.io-index"
checksum = "0b631f7e854af39a1739f401cf34a8a013dfe09eac4fa4dba91e9768bd28168d"

[[package]]
name = "parking"
version = "1.0.1"
source = "registry+https://github.com/rust-lang/crates.io-index"
checksum = "9a7fad362df89617628a7508b3e9d588ade1b0ac31aa25de168193ad999c2dd4"

[[package]]
name = "parking_lot"
version = "0.10.2"
source = "registry+https://github.com/rust-lang/crates.io-index"
checksum = "d3a704eb390aafdc107b0e392f56a82b668e3a71366993b5340f5833fd62505e"
dependencies = [
 "lock_api",
 "parking_lot_core",
]

[[package]]
name = "parking_lot_core"
version = "0.7.2"
source = "registry+https://github.com/rust-lang/crates.io-index"
checksum = "d58c7c768d4ba344e3e8d72518ac13e259d7c7ade24167003b8488e10b6740a3"
dependencies = [
 "cfg-if",
 "cloudabi",
 "libc",
 "redox_syscall",
 "smallvec",
 "winapi",
]

[[package]]
name = "pico-args"
version = "0.3.2"
source = "registry+https://github.com/rust-lang/crates.io-index"
checksum = "6a71836ceac43f0349e3bd964f5bb902f7b003916f32a4ad00354dafc447fa8f"

[[package]]
name = "pin-project"
version = "0.4.22"
source = "registry+https://github.com/rust-lang/crates.io-index"
checksum = "12e3a6cdbfe94a5e4572812a0201f8c0ed98c1c452c7b8563ce2276988ef9c17"
dependencies = [
 "pin-project-internal",
]

[[package]]
name = "pin-project-internal"
version = "0.4.22"
source = "registry+https://github.com/rust-lang/crates.io-index"
checksum = "6a0ffd45cf79d88737d7cc85bfd5d2894bee1139b356e616fe85dc389c61aaf7"
dependencies = [
 "proc-macro2",
 "quote",
 "syn",
]

[[package]]
name = "pin-project-lite"
version = "0.1.7"
source = "registry+https://github.com/rust-lang/crates.io-index"
checksum = "282adbf10f2698a7a77f8e983a74b2d18176c19a7fd32a45446139ae7b02b715"

[[package]]
name = "pin-utils"
version = "0.1.0"
source = "registry+https://github.com/rust-lang/crates.io-index"
checksum = "8b870d8c151b6f2fb93e84a13146138f05d02ed11c7e7c54f8826aaaf7c9f184"

[[package]]
name = "proc-macro-hack"
version = "0.5.16"
source = "registry+https://github.com/rust-lang/crates.io-index"
checksum = "7e0456befd48169b9f13ef0f0ad46d492cf9d2dbb918bcf38e01eed4ce3ec5e4"

[[package]]
name = "proc-macro-nested"
version = "0.1.6"
source = "registry+https://github.com/rust-lang/crates.io-index"
checksum = "eba180dafb9038b050a4c280019bbedf9f2467b61e5d892dcad585bb57aadc5a"

[[package]]
name = "proc-macro2"
version = "1.0.18"
source = "registry+https://github.com/rust-lang/crates.io-index"
checksum = "beae6331a816b1f65d04c45b078fd8e6c93e8071771f41b8163255bbd8d7c8fa"
dependencies = [
 "unicode-xid",
]

[[package]]
name = "quote"
version = "1.0.7"
source = "registry+https://github.com/rust-lang/crates.io-index"
checksum = "aa563d17ecb180e500da1cfd2b028310ac758de548efdd203e18f283af693f37"
dependencies = [
 "proc-macro2",
]

[[package]]
name = "redox_syscall"
version = "0.1.56"
source = "registry+https://github.com/rust-lang/crates.io-index"
checksum = "2439c63f3f6139d1b57529d16bc3b8bb855230c8efcc5d3a896c8bea7c3b1e84"

[[package]]
name = "rustc-demangle"
version = "0.1.16"
source = "registry+https://github.com/rust-lang/crates.io-index"
checksum = "4c691c0e608126e00913e33f0ccf3727d5fc84573623b8d65b2df340b5201783"

[[package]]
name = "scoped-tls"
version = "1.0.0"
source = "registry+https://github.com/rust-lang/crates.io-index"
checksum = "ea6a9290e3c9cf0f18145ef7ffa62d68ee0bf5fcd651017e586dc7fd5da448c2"

[[package]]
name = "scopeguard"
version = "1.1.0"
source = "registry+https://github.com/rust-lang/crates.io-index"
checksum = "d29ab0c6d3fc0ee92fe66e2d99f700eab17a8d57d1c1d3b748380fb20baa78cd"

[[package]]
name = "serde"
version = "1.0.113"
source = "registry+https://github.com/rust-lang/crates.io-index"
checksum = "6135c78461981c79497158ef777264c51d9d0f4f3fc3a4d22b915900e42dac6a"
dependencies = [
 "serde_derive",
]

[[package]]
name = "serde_derive"
version = "1.0.113"
source = "registry+https://github.com/rust-lang/crates.io-index"
checksum = "93c5eaa17d0954cb481cdcfffe9d84fcfa7a1a9f2349271e678677be4c26ae31"
dependencies = [
 "proc-macro2",
 "quote",
 "syn",
]

[[package]]
name = "signal-msg"
version = "0.2.1"
source = "registry+https://github.com/rust-lang/crates.io-index"
checksum = "665b75f56ea37e1f2fb42f4bfd55b22c339e10d52bcc53c2d29fa616b6d37d60"
dependencies = [
 "simple-signal",
]

[[package]]
name = "simple-mutex"
version = "1.1.5"
source = "registry+https://github.com/rust-lang/crates.io-index"
checksum = "38aabbeafa6f6dead8cebf246fe9fae1f9215c8d29b3a69f93bd62a9e4a3dcd6"
dependencies = [
 "event-listener 2.0.0",
]

[[package]]
name = "simple-signal"
version = "1.1.1"
source = "registry+https://github.com/rust-lang/crates.io-index"
checksum = "53f7da44adcc42667d57483bd93f81295f27d66897804b757573b61b6f13288b"
dependencies = [
 "lazy_static",
 "libc",
]

[[package]]
name = "slab"
version = "0.4.2"
source = "registry+https://github.com/rust-lang/crates.io-index"
checksum = "c111b5bd5695e56cffe5129854aa230b39c93a305372fdbb2668ca2394eea9f8"

[[package]]
name = "sled"
version = "0.32.0"
source = "registry+https://github.com/rust-lang/crates.io-index"
checksum = "cdad3dc85d888056d3bd9954ffdf22d8a22701b6cd3aca4f6df4c436111898c4"
dependencies = [
 "backtrace",
 "crc32fast",
 "crossbeam-epoch",
 "crossbeam-utils",
 "fs2",
 "fxhash",
 "libc",
 "log",
 "parking_lot",
]

[[package]]
name = "smallvec"
version = "1.4.0"
source = "registry+https://github.com/rust-lang/crates.io-index"
checksum = "c7cb5678e1615754284ec264d9bb5b4c27d2018577fd90ac0ceb578591ed5ee4"

[[package]]
name = "smol"
version = "0.1.18"
source = "registry+https://github.com/rust-lang/crates.io-index"
checksum = "620cbb3c6e34da57d3a248cda0cd01cd5848164dc062e764e65d06fe3ea7aed5"
dependencies = [
 "async-task",
 "blocking",
 "concurrent-queue",
 "fastrand",
 "futures-io",
 "futures-util",
 "libc",
 "once_cell",
 "scoped-tls",
 "slab",
 "socket2",
 "wepoll-sys-stjepang",
 "winapi",
]

[[package]]
name = "socket2"
version = "0.3.12"
source = "registry+https://github.com/rust-lang/crates.io-index"
checksum = "03088793f677dce356f3ccc2edb1b314ad191ab702a5de3faf49304f7e104918"
dependencies = [
 "cfg-if",
 "libc",
 "redox_syscall",
 "winapi",
]

[[package]]
name = "syn"
version = "1.0.32"
source = "registry+https://github.com/rust-lang/crates.io-index"
checksum = "a994520748611c17d163e81b6c4a4b13d11b7f63884362ab2efac3aa9cf16d00"
dependencies = [
 "proc-macro2",
 "quote",
 "unicode-xid",
]

[[package]]
name = "tai64"
version = "3.1.0"
source = "registry+https://github.com/rust-lang/crates.io-index"
checksum = "4014289c3d2b8168880ae86633247e73712fcc579969aff0ca7c5dcd17456b82"
dependencies = [
 "serde",
]

[[package]]
name = "time"
version = "0.1.43"
source = "registry+https://github.com/rust-lang/crates.io-index"
checksum = "ca8a50ef2360fbd1eeb0ecd46795a87a19024eb4b53c5dc916ca1fd95fe62438"
dependencies = [
 "libc",
 "winapi",
]

[[package]]
name = "timeit"
version = "0.1.2"
source = "registry+https://github.com/rust-lang/crates.io-index"
checksum = "8b2942f5edfee7facb569dd9965b649370397d82fe2511383175f15f26eebfa5"
dependencies = [
 "time",
]

[[package]]
name = "turingdb"
version = "2.0.0-beta.1"
dependencies = [
 "anyhow",
 "async-lock",
 "bincode",
 "blocking",
 "custom_codes 2.0.3",
 "dashmap",
 "serde",
 "sled",
 "tai64",
]

[[package]]
name = "turingdb-helpers"
version = "1.0.0-beta.1"
dependencies = [
 "anyhow",
 "async-trait",
 "bincode",
 "custom_codes 2.0.3",
 "serde",
]

[[package]]
name = "turingdb-repo"
version = "2.0.0-beta.1"
dependencies = [
 "anyhow",
 "async-dup",
 "async-lock",
 "async-trait",
 "bincode",
 "blocking",
 "custom_codes 2.0.3",
 "dashmap",
 "futures",
 "futures-lite",
 "lazy_static",
 "serde",
 "signal-msg",
 "simple-mutex",
 "sled",
 "smol",
 "tai64",
 "timeit",
 "turingdb-helpers",
 "turingfeeds-helpers",
 "yansi",
]

[[package]]
name = "turingdb-server"
version = "2.0.0-beta.1"
dependencies = [
 "anyhow",
 "async-dup",
 "bincode",
 "custom_codes 2.0.3",
 "futures",
 "nanoserde",
 "pico-args",
 "serde",
 "signal-msg",
 "simple-signal",
 "smol",
 "tai64",
 "turingdb",
 "turingdb-helpers",
 "yansi",
]

[[package]]
name = "turingfeeds-helpers"
version = "1.0.0-beta.1"
source = "registry+https://github.com/rust-lang/crates.io-index"
checksum = "20aafca7b0b7a891e5dc2fe9bb8d02706598f0af37caf73ab1a7b1bf9b076658"
dependencies = [
 "anyhow",
 "async-std",
 "bincode",
 "custom_codes 1.2.10",
 "serde",
]

[[package]]
name = "unicode-xid"
version = "0.2.0"
source = "registry+https://github.com/rust-lang/crates.io-index"
checksum = "826e7639553986605ec5979c7dd957c7895e93eabed50ab2ffa7f6128a75097c"

[[package]]
name = "waker-fn"
version = "1.0.0"
source = "registry+https://github.com/rust-lang/crates.io-index"
checksum = "9571542c2ce85ce642e6b58b3364da2fb53526360dfb7c211add4f5c23105ff7"

[[package]]
name = "wasi"
version = "0.9.0+wasi-snapshot-preview1"
source = "registry+https://github.com/rust-lang/crates.io-index"
checksum = "cccddf32554fecc6acb585f82a32a72e28b48f8c4c1883ddfeeeaa96f7d8e519"

[[package]]
name = "wasm-bindgen"
version = "0.2.63"
source = "registry+https://github.com/rust-lang/crates.io-index"
checksum = "4c2dc4aa152834bc334f506c1a06b866416a8b6697d5c9f75b9a689c8486def0"
dependencies = [
 "cfg-if",
 "wasm-bindgen-macro",
]

[[package]]
name = "wasm-bindgen-backend"
version = "0.2.63"
source = "registry+https://github.com/rust-lang/crates.io-index"
checksum = "ded84f06e0ed21499f6184df0e0cb3494727b0c5da89534e0fcc55c51d812101"
dependencies = [
 "bumpalo",
 "lazy_static",
 "log",
 "proc-macro2",
 "quote",
 "syn",
 "wasm-bindgen-shared",
]

[[package]]
name = "wasm-bindgen-futures"
version = "0.4.13"
source = "registry+https://github.com/rust-lang/crates.io-index"
checksum = "64487204d863f109eb77e8462189d111f27cb5712cc9fdb3461297a76963a2f6"
dependencies = [
 "cfg-if",
 "js-sys",
 "wasm-bindgen",
 "web-sys",
]

[[package]]
name = "wasm-bindgen-macro"
version = "0.2.63"
source = "registry+https://github.com/rust-lang/crates.io-index"
checksum = "838e423688dac18d73e31edce74ddfac468e37b1506ad163ffaf0a46f703ffe3"
dependencies = [
 "quote",
 "wasm-bindgen-macro-support",
]

[[package]]
name = "wasm-bindgen-macro-support"
version = "0.2.63"
source = "registry+https://github.com/rust-lang/crates.io-index"
checksum = "3156052d8ec77142051a533cdd686cba889537b213f948cd1d20869926e68e92"
dependencies = [
 "proc-macro2",
 "quote",
 "syn",
 "wasm-bindgen-backend",
 "wasm-bindgen-shared",
]

[[package]]
name = "wasm-bindgen-shared"
version = "0.2.63"
source = "registry+https://github.com/rust-lang/crates.io-index"
checksum = "c9ba19973a58daf4db6f352eda73dc0e289493cd29fb2632eb172085b6521acd"

[[package]]
name = "web-sys"
version = "0.3.40"
source = "registry+https://github.com/rust-lang/crates.io-index"
checksum = "7b72fe77fd39e4bd3eaa4412fd299a0be6b3dfe9d2597e2f1c20beb968f41d17"
dependencies = [
 "js-sys",
 "wasm-bindgen",
]

[[package]]
name = "wepoll-sys-stjepang"
version = "1.0.6"
source = "registry+https://github.com/rust-lang/crates.io-index"
checksum = "6fd319e971980166b53e17b1026812ad66c6b54063be879eb182342b55284694"
dependencies = [
 "cc",
]

[[package]]
name = "winapi"
version = "0.3.8"
source = "registry+https://github.com/rust-lang/crates.io-index"
checksum = "8093091eeb260906a183e6ae1abdba2ef5ef2257a21801128899c3fc699229c6"
dependencies = [
 "winapi-i686-pc-windows-gnu",
 "winapi-x86_64-pc-windows-gnu",
]

[[package]]
name = "winapi-i686-pc-windows-gnu"
version = "0.4.0"
source = "registry+https://github.com/rust-lang/crates.io-index"
checksum = "ac3b87c63620426dd9b991e5ce0329eff545bccbbb34f3be09ff6fb6ab51b7b6"

[[package]]
name = "winapi-x86_64-pc-windows-gnu"
version = "0.4.0"
source = "registry+https://github.com/rust-lang/crates.io-index"
checksum = "712e227841d057c1ee1cd2fb22fa7e5a5461ae8e48fa2ca79ec42cfc1931183f"

[[package]]
name = "yansi"
version = "0.5.0"
source = "registry+https://github.com/rust-lang/crates.io-index"
checksum = "9fc79f4a1e39857fc00c3f662cbf2651c771f00e9c15fe2abc341806bd46bd71"
